<?xml version="1.0" encoding="utf-8"?>
<Project ToolsVersion="4.0" xmlns="http://schemas.microsoft.com/developer/msbuild/2003">
  <ItemGroup>
    <Filter Include="Source Files">
      <UniqueIdentifier>{4FC737F1-C7A5-4376-A066-2A32D752A2FF}</UniqueIdentifier>
      <Extensions>cpp;c;cc;cxx;def;odl;idl;hpj;bat;asm;asmx</Extensions>
    </Filter>
    <Filter Include="Header Files">
      <UniqueIdentifier>{93995380-89BD-4b04-88EB-625FBE52EBFB}</UniqueIdentifier>
      <Extensions>h;hh;hpp;hxx;hm;inl;inc;xsd</Extensions>
    </Filter>
    <Filter Include="Header Files\Controller">
      <UniqueIdentifier>{bec0a0f4-f193-42fe-844c-a6aa469583a7}</UniqueIdentifier>
    </Filter>
    <Filter Include="Header Files\Allocator">
      <UniqueIdentifier>{e9608b4b-7090-4db4-8a4b-2fc4f0b54019}</UniqueIdentifier>
    </Filter>
    <Filter Include="Header Files\Asserts">
      <UniqueIdentifier>{e3023ba7-abd1-48d7-906e-8d87fe53cb5b}</UniqueIdentifier>
    </Filter>
    <Filter Include="Header Files\Math">
      <UniqueIdentifier>{35dca292-d4b3-40a4-a04e-36a242eecfeb}</UniqueIdentifier>
    </Filter>
    <Filter Include="Header Files\Time">
      <UniqueIdentifier>{892d9722-60fe-47f5-868b-0d8cabd735af}</UniqueIdentifier>
    </Filter>
    <Filter Include="Source Files\Time">
      <UniqueIdentifier>{5de5f434-48be-4b86-9af1-2538e96ed239}</UniqueIdentifier>
    </Filter>
    <Filter Include="Header Files\Physics">
      <UniqueIdentifier>{c6aed9a1-bda3-458d-81c3-209571ac873b}</UniqueIdentifier>
    </Filter>
    <Filter Include="Header Files\Rendering">
      <UniqueIdentifier>{612dfb9b-921b-48f6-85bd-404b91efc11e}</UniqueIdentifier>
    </Filter>
    <Filter Include="Source Files\Rendering">
      <UniqueIdentifier>{c19fed64-9e4a-44ad-b31c-d55b886fa3e6}</UniqueIdentifier>
    </Filter>
    <Filter Include="Source Files\Physics">
      <UniqueIdentifier>{f214ea0f-2e82-4fa2-968b-15fe44d5ef10}</UniqueIdentifier>
    </Filter>
    <Filter Include="Source Files\Math">
      <UniqueIdentifier>{812f4d3a-1802-431f-b42e-9083578c1f59}</UniqueIdentifier>
    </Filter>
    <Filter Include="Header Files\Utilities">
      <UniqueIdentifier>{7bc8a5e4-9f64-4f80-93b2-fb4fc19058e4}</UniqueIdentifier>
    </Filter>
    <Filter Include="Source Files\Utilities">
      <UniqueIdentifier>{3e037367-4c93-4e3f-b6c8-0a6fc00d2452}</UniqueIdentifier>
    </Filter>
    <Filter Include="Source Files\Controller">
      <UniqueIdentifier>{97345d93-c701-4595-a42b-f0cf4fce5a83}</UniqueIdentifier>
    </Filter>
    <Filter Include="Source Files\Allocator">
      <UniqueIdentifier>{31e3cfad-6000-4ac7-af38-1da1cb586529}</UniqueIdentifier>
    </Filter>
  </ItemGroup>
  <ItemGroup>
    <ClInclude Include="GameObject.h">
      <Filter>Header Files</Filter>
    </ClInclude>
    <ClInclude Include="IGameObjectController.h">
      <Filter>Header Files\Controller</Filter>
    </ClInclude>
    <ClInclude Include="BitField.h">
      <Filter>Header Files\Allocator</Filter>
    </ClInclude>
    <ClInclude Include="BitFieldHandler.h">
      <Filter>Header Files\Allocator</Filter>
    </ClInclude>
    <ClInclude Include="SmallBlockAllocator.h">
      <Filter>Header Files\Allocator</Filter>
    </ClInclude>
    <ClInclude Include="Descriptor.h">
      <Filter>Header Files\Allocator</Filter>
    </ClInclude>
    <ClInclude Include="ConsolePrint.h">
      <Filter>Header Files\Asserts</Filter>
    </ClInclude>
    <ClInclude Include="FloatNumbers.h">
      <Filter>Header Files\Math</Filter>
    </ClInclude>
    <ClInclude Include="Vector3D.h">
      <Filter>Header Files\Math</Filter>
    </ClInclude>
    <ClInclude Include="Target.Win32.h">
      <Filter>Header Files\Asserts</Filter>
    </ClInclude>
    <ClInclude Include="Target.h">
      <Filter>Header Files\Asserts</Filter>
    </ClInclude>
    <ClInclude Include="random.h">
      <Filter>Header Files\Math</Filter>
    </ClInclude>
    <ClInclude Include="FrameTime.h">
      <Filter>Header Files\Time</Filter>
    </ClInclude>
    <ClInclude Include="TimeHelper.h">
      <Filter>Header Files\Time</Filter>
    </ClInclude>
    <ClInclude Include="LoadTexture.h">
      <Filter>Header Files\Rendering</Filter>
    </ClInclude>
    <ClInclude Include="Render.h">
      <Filter>Header Files\Rendering</Filter>
    </ClInclude>
    <ClInclude Include="PhysicsComponent.h">
      <Filter>Header Files\Physics</Filter>
    </ClInclude>
    <ClInclude Include="Renderable.h">
      <Filter>Header Files\Rendering</Filter>
    </ClInclude>
    <ClInclude Include="HeapManager.h">
      <Filter>Header Files\Allocator</Filter>
    </ClInclude>
    <ClInclude Include="Vector2D.h">
      <Filter>Header Files\Math</Filter>
    </ClInclude>
    <ClInclude Include="UniquePtr.h">
      <Filter>Header Files\Utilities</Filter>
    </ClInclude>
    <ClInclude Include="Singleton.h">
      <Filter>Header Files\Utilities</Filter>
    </ClInclude>
    <ClInclude Include="SharedPointer.h">
      <Filter>Header Files\Utilities</Filter>
    </ClInclude>
    <ClInclude Include="WorldScene.h">
      <Filter>Header Files\Controller</Filter>
    </ClInclude>
    <ClInclude Include="RingBuffer.h">
      <Filter>Header Files\Utilities</Filter>
    </ClInclude>
    <ClInclude Include="Engine.h">
      <Filter>Header Files\Controller</Filter>
    </ClInclude>
    <ClInclude Include="Array.h">
      <Filter>Header Files\Utilities</Filter>
    </ClInclude>
    <ClInclude Include="StringPool.h">
      <Filter>Header Files\Utilities</Filter>
    </ClInclude>
    <ClInclude Include="NamedBitString.h">
      <Filter>Header Files\Utilities</Filter>
    </ClInclude>
    <ClInclude Include="HashedString.h">
      <Filter>Header Files\Utilities</Filter>
    </ClInclude>
    <ClInclude Include="additionaltypes.h">
      <Filter>Header Files\Utilities</Filter>
    </ClInclude>
    <ClInclude Include="LuaUtilityHelper.h">
      <Filter>Header Files\Utilities</Filter>
    </ClInclude>
    <ClInclude Include="LuaStructure.h">
      <Filter>Header Files\Utilities</Filter>
    </ClInclude>
    <ClInclude Include="CheesyHelper.h">
      <Filter>Header Files\Utilities</Filter>
    </ClInclude>
    <ClInclude Include="Assert_32.h">
      <Filter>Header Files\Asserts</Filter>
    </ClInclude>
    <ClInclude Include="InputController.h">
      <Filter>Header Files\Controller</Filter>
    </ClInclude>
    <ClInclude Include="Matrix.h">
      <Filter>Header Files\Math</Filter>
    </ClInclude>
    <ClInclude Include="Colliders.h">
      <Filter>Header Files\Physics</Filter>
    </ClInclude>
    <ClInclude Include="Determinant.h">
      <Filter>Header Files\Math</Filter>
    </ClInclude>
    <ClInclude Include="PhysicsSystem.h">
      <Filter>Header Files\Physics</Filter>
    </ClInclude>
    <ClInclude Include="EngineIncludes.h">
      <Filter>Header Files</Filter>
    </ClInclude>
    <ClInclude Include="CollisionSystem.h">
      <Filter>Header Files\Controller</Filter>
    </ClInclude>
    <ClInclude Include="Object.h">
      <Filter>Header Files\Controller</Filter>
    </ClInclude>
  </ItemGroup>
  <ItemGroup>
    <ClCompile Include="GameObject.cpp">
      <Filter>Source Files</Filter>
    </ClCompile>
    <ClCompile Include="IGameObjectController.cpp">
      <Filter>Source Files\Controller</Filter>
    </ClCompile>
    <ClCompile Include="BitField.cpp">
      <Filter>Source Files\Allocator</Filter>
    </ClCompile>
    <ClCompile Include="BitfieldHandler.cpp">
      <Filter>Source Files\Allocator</Filter>
    </ClCompile>
    <ClCompile Include="SmallBlockAllocator.cpp">
      <Filter>Source Files\Allocator</Filter>
    </ClCompile>
    <ClCompile Include="FrameTime.cpp">
      <Filter>Source Files\Time</Filter>
    </ClCompile>
    <ClCompile Include="LoadTexture.cpp">
      <Filter>Source Files\Rendering</Filter>
    </ClCompile>
    <ClCompile Include="Render.cpp">
      <Filter>Source Files\Rendering</Filter>
    </ClCompile>
    <ClCompile Include="Renderable.cpp">
      <Filter>Source Files\Rendering</Filter>
    </ClCompile>
    <ClCompile Include="Vector3D.cpp">
      <Filter>Source Files\Math</Filter>
    </ClCompile>
    <ClCompile Include="random.cpp">
      <Filter>Source Files\Math</Filter>
    </ClCompile>
    <ClCompile Include="FloatNumbers.cpp">
      <Filter>Source Files\Math</Filter>
    </ClCompile>
    <ClCompile Include="FloatMaths.cpp">
      <Filter>Source Files\Math</Filter>
    </ClCompile>
    <ClCompile Include="HeapManager.cpp">
      <Filter>Source Files\Allocator</Filter>
    </ClCompile>
    <ClCompile Include="MemoryManager.cpp">
      <Filter>Source Files\Allocator</Filter>
    </ClCompile>
    <ClCompile Include="Vector2D.cpp">
      <Filter>Source Files\Math</Filter>
    </ClCompile>
    <ClCompile Include="PhysicsComponent.cpp">
      <Filter>Source Files\Physics</Filter>
    </ClCompile>
    <ClCompile Include="Engine.cpp">
      <Filter>Source Files\Controller</Filter>
    </ClCompile>
    <ClCompile Include="WorldScene.cpp">
      <Filter>Source Files\Controller</Filter>
    </ClCompile>
    <ClCompile Include="UniquePtr.cpp">
      <Filter>Source Files\Utilities</Filter>
    </ClCompile>
    <ClCompile Include="Singleton.cpp">
      <Filter>Source Files\Utilities</Filter>
    </ClCompile>
    <ClCompile Include="Array.cpp">
      <Filter>Source Files\Utilities</Filter>
    </ClCompile>
    <ClCompile Include="HashedString.cpp">
      <Filter>Source Files\Utilities</Filter>
    </ClCompile>
    <ClCompile Include="NamedBitString.cpp">
      <Filter>Source Files\Utilities</Filter>
    </ClCompile>
    <ClCompile Include="StringPool.cpp">
      <Filter>Source Files\Utilities</Filter>
    </ClCompile>
    <ClCompile Include="LuaUtilityHelper.cpp">
      <Filter>Source Files\Utilities</Filter>
    </ClCompile>
    <ClCompile Include="CheesyHelper.cpp">
      <Filter>Source Files\Utilities</Filter>
    </ClCompile>
    <ClCompile Include="InputController.cpp">
      <Filter>Source Files\Controller</Filter>
    </ClCompile>
    <ClCompile Include="Matrix.cpp">
      <Filter>Source Files\Math</Filter>
    </ClCompile>
    <ClCompile Include="Collider.cpp">
      <Filter>Source Files\Physics</Filter>
    </ClCompile>
    <ClCompile Include="PhysicsSystem.cpp">
      <Filter>Source Files\Controller</Filter>
    </ClCompile>
    <ClCompile Include="CollisionSystem.cpp">
      <Filter>Source Files\Controller</Filter>
    </ClCompile>
    <ClCompile Include="Object.cpp">
      <Filter>Source Files\Controller</Filter>
    </ClCompile>
  </ItemGroup>
  <ItemGroup>
    <None Include="GameObject.inl">
      <Filter>Source Files</Filter>
    </None>
    <None Include="TimeHelper.inl">
      <Filter>Source Files\Time</Filter>
    </None>
    <None Include="PhysicsComponent.inl">
      <Filter>Source Files\Physics</Filter>
    </None>
    <None Include="Vector3D.inl">
      <Filter>Source Files\Math</Filter>
    </None>
    <None Include="Vector2D.inl">
      <Filter>Source Files\Math</Filter>
    </None>
    <None Include="random.inl">
      <Filter>Source Files\Math</Filter>
    </None>
    <None Include="FloatNumber.inl">
      <Filter>Source Files\Math</Filter>
    </None>
    <None Include="Render.inl">
      <Filter>Source Files\Rendering</Filter>
    </None>
    <None Include="RingBuffer.inl">
      <Filter>Source Files\Utilities</Filter>
    </None>
    <None Include="SharedPointer.inl">
      <Filter>Source Files\Utilities</Filter>
    </None>
    <None Include="Determinant.inl">
      <Filter>Source Files\Math</Filter>
    </None>
  </ItemGroup>
</Project>